
Microsoft Visual Studio Solution File, Format Version 12.00
# Visual Studio Version 17
VisualStudioVersion = 17.5.33502.453
MinimumVisualStudioVersion = 10.0.40219.1
Project("{FAE04EC0-301F-11D3-BF4B-00C04F79EFBC}") = "ООП лр3 з1", "ООП лр3 з1\ООП лр3 з1.csproj", "{793F240E-AC6C-479E-B275-C480EA28E416}"
EndProject
Global
	GlobalSection(SolutionConfigurationPlatforms) = preSolution
		Debug|Any CPU = Debug|Any CPU
		Release|Any CPU = Release|Any CPU
	EndGlobalSection
	GlobalSection(ProjectConfigurationPlatforms) = postSolution
		{793F240E-AC6C-479E-B275-C480EA28E416}.Debug|Any CPU.ActiveCfg = Debug|Any CPU
		{793F240E-AC6C-479E-B275-C480EA28E416}.Debug|Any CPU.Build.0 = Debug|Any CPU
		{793F240E-AC6C-479E-B275-C480EA28E416}.Release|Any CPU.ActiveCfg = Release|Any CPU
		{793F240E-AC6C-479E-B275-C480EA28E416}.Release|Any CPU.Build.0 = Release|Any CPU
	EndGlobalSection
	GlobalSection(SolutionProperties) = preSolution
		HideSolutionNode = FALSE
	EndGlobalSection
	GlobalSection(ExtensibilityGlobals) = postSolution
		SolutionGuid = {7B9B06D6-51BB-4D04-9F3E-B53743447130}
	EndGlobalSection
EndGlobal
